{
  "name": "@plasius/gpu-demo-viewer",
  "version": "0.1.0",
  "lockfileVersion": 3,
  "requires": true,
  "packages": {
    "": {
      "name": "@plasius/gpu-demo-viewer",
      "version": "0.1.0",
      "dependencies": {
        "@plasius/gpu-shared": "https://registry.npmjs.org/@plasius/gpu-shared/-/gpu-shared-0.1.0.tgz"
      },
      "engines": {
        "node": ">=24"
      }
    },
    "node_modules/@plasius/gpu-cloth": {
      "version": "0.1.0",
      "resolved": "https://registry.npmjs.org/@plasius/gpu-cloth/-/gpu-cloth-0.1.0.tgz",
      "integrity": "sha512-8+IWIkhsKiSl2T1Qo7vtEsPw5txfvQ3UrfSt2rLV0JYrY8Oek2pGEnJrwII4LwTztronUvoKbfDV+vIh5Ud/2g==",
      "funding": [
        {
          "type": "patreon",
          "url": "https://www.patreon.com/c/plasiusltd/membership"
        },
        {
          "type": "github",
          "url": "https://github.com/sponsors/Plasius-LTD"
        }
      ],
      "license": "Apache-2.0",
      "engines": {
        "node": ">=24"
      }
    },
    "node_modules/@plasius/gpu-debug": {
      "version": "0.1.1",
      "resolved": "https://registry.npmjs.org/@plasius/gpu-debug/-/gpu-debug-0.1.1.tgz",
      "integrity": "sha512-NStN/nsAP8bOVn72Cf8oeDKoh/R7gEEGGXb0+e+9xiBHGz+reCAlc1t+krGdCWFDDEQkShAkNq2m24vEoCoZbw==",
      "funding": [
        {
          "type": "patreon",
          "url": "https://www.patreon.com/c/plasiusltd/membership"
        },
        {
          "type": "github",
          "url": "https://github.com/sponsors/Plasius-LTD"
        }
      ],
      "license": "Apache-2.0",
      "engines": {
        "node": ">=24"
      }
    },
    "node_modules/@plasius/gpu-fluid": {
      "version": "0.1.0",
      "resolved": "https://registry.npmjs.org/@plasius/gpu-fluid/-/gpu-fluid-0.1.0.tgz",
      "integrity": "sha512-UmzUfQKNOxk12GcNYcsGhoJdFzV5FsFRyis25GIfHoMJ+qENeNA6i6Onz8DsVQaAxhN+y6P9LZoLh6HlHYt4dw==",
      "funding": [
        {
          "type": "patreon",
          "url": "https://www.patreon.com/c/plasiusltd/membership"
        },
        {
          "type": "github",
          "url": "https://github.com/sponsors/Plasius-LTD"
        }
      ],
      "license": "Apache-2.0",
      "engines": {
        "node": ">=24"
      }
    },
    "node_modules/@plasius/gpu-lighting": {
      "version": "0.1.9",
      "resolved": "https://registry.npmjs.org/@plasius/gpu-lighting/-/gpu-lighting-0.1.9.tgz",
      "integrity": "sha512-axPpwhe0/aJanN6RVXIUavMSctHscgOJ84tnj4eLPCnDeq/nZR9WcLl4YoCW67BvcJyqExVU5BNXn5+EnbT87Q==",
      "funding": [
        {
          "type": "patreon",
          "url": "https://www.patreon.com/c/plasiusltd/membership"
        },
        {
          "type": "github",
          "url": "https://github.com/sponsors/Plasius-LTD"
        }
      ],
      "license": "Apache-2.0",
      "dependencies": {
        "@plasius/gpu-worker": "^0.1.10"
      },
      "engines": {
        "node": ">=24"
      }
    },
    "node_modules/@plasius/gpu-lock-free-queue": {
      "version": "0.2.14",
      "resolved": "https://registry.npmjs.org/@plasius/gpu-lock-free-queue/-/gpu-lock-free-queue-0.2.14.tgz",
      "integrity": "sha512-Xigao0uoYI3pdlBYqHr879QFYk+TIL0k5He8bAClCb7wscj8NE4ha7PQ3m6TM5uXUpUGHEe1rCmMNcb2/fQn4A==",
      "funding": [
        {
          "type": "patreon",
          "url": "https://www.patreon.com/c/plasiusltd/membership"
        },
        {
          "type": "github",
          "url": "https://github.com/sponsors/Plasius-LTD"
        }
      ],
      "license": "Apache-2.0",
      "engines": {
        "node": ">=24"
      }
    },
    "node_modules/@plasius/gpu-performance": {
      "version": "0.1.2",
      "resolved": "https://registry.npmjs.org/@plasius/gpu-performance/-/gpu-performance-0.1.2.tgz",
      "integrity": "sha512-Guio2WpiFxtPdz9BCl6fdUocXjrHwPtxX71yN1gsyztdoscXlIVJt/C3BwPM/OJm3lMUDpiWsagIovTldGYIRw==",
      "funding": [
        {
          "type": "patreon",
          "url": "https://www.patreon.com/c/plasiusltd/membership"
        },
        {
          "type": "github",
          "url": "https://github.com/sponsors/Plasius-LTD"
        }
      ],
      "license": "Apache-2.0",
      "engines": {
        "node": ">=24"
      }
    },
    "node_modules/@plasius/gpu-physics": {
      "version": "0.1.9",
      "resolved": "https://registry.npmjs.org/@plasius/gpu-physics/-/gpu-physics-0.1.9.tgz",
      "integrity": "sha512-nVOZ+uGZljQ4yVUXWAvN0kuMb4wM8E0xyT6CSFs1ZdIShuwxI7FcQ3LAt118G8lgt+FcH39hKTGt767kqaU7Iw==",
      "funding": [
        {
          "type": "patreon",
          "url": "https://www.patreon.com/c/plasiusltd/membership"
        },
        {
          "type": "github",
          "url": "https://github.com/sponsors/Plasius-LTD"
        }
      ],
      "license": "Apache-2.0",
      "engines": {
        "node": ">=24"
      },
      "peerDependencies": {
        "react": "^19.1.0"
      }
    },
    "node_modules/@plasius/gpu-shared": {
      "version": "0.1.0",
      "resolved": "https://registry.npmjs.org/@plasius/gpu-shared/-/gpu-shared-0.1.0.tgz",
      "integrity": "sha512-fe4zOJyP5zA5CYfhFz1wLBjEfnYA0f8jU1Fi2G5PO1A30h5AXHYfYBjQ38JMrXO/ENCCL7m9lRNq2GTI61YOMg==",
      "funding": [
        {
          "type": "patreon",
          "url": "https://www.patreon.com/c/plasiusltd/membership"
        },
        {
          "type": "github",
          "url": "https://github.com/sponsors/Plasius-LTD"
        }
      ],
      "license": "Apache-2.0",
      "dependencies": {
        "@plasius/gpu-cloth": "^0.1.0",
        "@plasius/gpu-debug": "^0.1.1",
        "@plasius/gpu-fluid": "https://registry.npmjs.org/@plasius/gpu-fluid/-/gpu-fluid-0.1.0.tgz",
        "@plasius/gpu-lighting": "^0.1.9",
        "@plasius/gpu-performance": "^0.1.2",
        "@plasius/gpu-physics": "^0.1.9"
      },
      "engines": {
        "node": ">=24"
      }
    },
    "node_modules/@plasius/gpu-worker": {
      "version": "0.1.11",
      "resolved": "https://registry.npmjs.org/@plasius/gpu-worker/-/gpu-worker-0.1.11.tgz",
      "integrity": "sha512-QHVIEJNG5PTUKYuE8TRTdUgXc6hc4YgnlHWhJFgOvPx0CU0PCUPJA3dxY3931adc2uRHwbZMfXQ1Rp4EEbmeMA==",
      "funding": [
        {
          "type": "patreon",
          "url": "https://www.patreon.com/c/plasiusltd/membership"
        },
        {
          "type": "github",
          "url": "https://github.com/sponsors/Plasius-LTD"
        }
      ],
      "license": "Apache-2.0",
      "dependencies": {
        "@plasius/gpu-lock-free-queue": "^0.2.14"
      },
      "engines": {
        "node": ">=24"
      }
    },
    "node_modules/react": {
      "version": "19.2.4",
      "resolved": "https://registry.npmjs.org/react/-/react-19.2.4.tgz",
      "integrity": "sha512-9nfp2hYpCwOjAN+8TZFGhtWEwgvWHXqESH8qT89AT/lWklpLON22Lc8pEtnpsZz7VmawabSU0gCjnj8aC0euHQ==",
      "license": "MIT",
      "peer": true,
      "engines": {
        "node": ">=0.10.0"
      }
    }
  }
}
