{
  "name": "@plasius/gpu-demo-viewer",
  "version": "0.1.5",
  "lockfileVersion": 3,
  "requires": true,
  "packages": {
    "": {
      "name": "@plasius/gpu-demo-viewer",
      "version": "0.1.5",
      "license": "Apache-2.0",
      "dependencies": {
        "@plasius/gpu-renderer": "^0.2.43",
        "@plasius/gpu-shared": "^1.1.1"
      },
      "engines": {
        "node": ">=24"
      }
    },
    "node_modules/@plasius/gpu-camera": {
      "version": "0.1.18",
      "resolved": "https://registry.npmjs.org/@plasius/gpu-camera/-/gpu-camera-0.1.18.tgz",
      "integrity": "sha512-Om/hsuU+gcStmY7I4OPFKjBT4a+1abzNfN2G8ipqTKDKLZj+KBCbyVQDEa754o6A6SIVv3+ADZuS95mAylvkTA==",
      "funding": [
        {
          "type": "patreon",
          "url": "https://www.patreon.com/c/plasiusltd/membership"
        },
        {
          "type": "github",
          "url": "https://github.com/sponsors/Plasius-LTD"
        }
      ],
      "license": "Apache-2.0",
      "dependencies": {
        "@plasius/gpu-shared": "^1.0.1"
      },
      "engines": {
        "node": ">=24"
      }
    },
    "node_modules/@plasius/gpu-renderer": {
      "version": "0.2.43",
      "resolved": "https://registry.npmjs.org/@plasius/gpu-renderer/-/gpu-renderer-0.2.43.tgz",
      "integrity": "sha512-kryA5BUzaBU+0ponnCe2rPiyZ/IcnSIvI5cjtxWFrWbqKqAWa6JcU+/UJnQPsKG97blchhS4s7aoO4imZFTAug==",
      "funding": [
        {
          "type": "patreon",
          "url": "https://www.patreon.com/c/plasiusltd/membership"
        },
        {
          "type": "github",
          "url": "https://github.com/sponsors/Plasius-LTD"
        }
      ],
      "license": "Apache-2.0",
      "dependencies": {
        "@plasius/gpu-camera": "^0.1.18",
        "@plasius/gpu-shared": "^1.0.14",
        "@plasius/gpu-xr": "^0.1.17"
      },
      "engines": {
        "node": ">=24"
      }
    },
    "node_modules/@plasius/gpu-shared": {
      "version": "1.1.1",
      "resolved": "https://registry.npmjs.org/@plasius/gpu-shared/-/gpu-shared-1.1.1.tgz",
      "integrity": "sha512-4Z8kZvesUBoWA6Eb0d66jIxAPl1bGId8ZEQ44E0+MiH4jB0u3SNmMFwscbK0mKyjVTcRMdOV6zK6UxWOpEkneQ==",
      "funding": [
        {
          "type": "patreon",
          "url": "https://www.patreon.com/c/plasiusltd/membership"
        },
        {
          "type": "github",
          "url": "https://github.com/sponsors/Plasius-LTD"
        }
      ],
      "license": "Apache-2.0",
      "dependencies": {
        "@plasius/schema": "^1.4.0"
      },
      "engines": {
        "node": ">=24"
      },
      "peerDependencies": {
        "@plasius/gpu-model-voxel": "^0.1.0",
        "@plasius/gpu-renderer": "^0.2.40",
        "@plasius/translations": "^1.0.23"
      },
      "peerDependenciesMeta": {
        "@plasius/gpu-model-voxel": {
          "optional": true
        },
        "@plasius/gpu-renderer": {
          "optional": true
        },
        "@plasius/translations": {
          "optional": true
        }
      }
    },
    "node_modules/@plasius/gpu-xr": {
      "version": "0.1.17",
      "resolved": "https://registry.npmjs.org/@plasius/gpu-xr/-/gpu-xr-0.1.17.tgz",
      "integrity": "sha512-l3kvx0VTF30QueVaZkvpg89GR2onEWSN+aj7F9uMe8GGP8V3IyunSEuKr8/rh+Wf3nrKlpVjItGLJ8LXnDj8aA==",
      "funding": [
        {
          "type": "patreon",
          "url": "https://www.patreon.com/c/plasiusltd/membership"
        },
        {
          "type": "github",
          "url": "https://github.com/sponsors/Plasius-LTD"
        }
      ],
      "license": "Apache-2.0",
      "dependencies": {
        "@plasius/gpu-shared": "^1.0.13"
      },
      "engines": {
        "node": ">=24"
      }
    },
    "node_modules/@plasius/schema": {
      "version": "1.4.3",
      "resolved": "https://registry.npmjs.org/@plasius/schema/-/schema-1.4.3.tgz",
      "integrity": "sha512-/IW+aykfsmPhlaQrSEi3RR6sR0tTe3O4wJAfGVrowG+GKOp4AqJ2302GApDLlnATqwPu55Ms0RkXGue/dQidFQ==",
      "funding": [
        {
          "type": "patreon",
          "url": "https://www.patreon.com/c/plasiusltd/membership"
        },
        {
          "type": "github",
          "url": "https://github.com/sponsors/Plasius-LTD"
        }
      ],
      "license": "Apache-2.0",
      "engines": {
        "node": ">=24"
      }
    }
  }
}
