{
  "name": "@plasius/gpu-demo-viewer",
  "version": "0.1.0",
  "lockfileVersion": 3,
  "requires": true,
  "packages": {
    "": {
      "name": "@plasius/gpu-demo-viewer",
      "version": "0.1.0",
      "license": "Apache-2.0",
      "dependencies": {
        "@plasius/gpu-renderer": "^0.2.3",
        "@plasius/gpu-shared": "^0.1.16"
      },
      "engines": {
        "node": ">=24"
      }
    },
    "node_modules/@plasius/gpu-renderer": {
      "version": "0.2.3",
      "resolved": "https://registry.npmjs.org/@plasius/gpu-renderer/-/gpu-renderer-0.2.3.tgz",
      "integrity": "sha512-7OjPhb+vJeJBCYhIXxrzX1JB18xL10fJxPAVWuppQkenjVmsYkxqeXIftJK+EYuJnSAqUX3SNC/saHGvqNL25A==",
      "funding": [
        {
          "type": "patreon",
          "url": "https://www.patreon.com/c/plasiusltd/membership"
        },
        {
          "type": "github",
          "url": "https://github.com/sponsors/Plasius-LTD"
        }
      ],
      "license": "Apache-2.0",
      "dependencies": {
        "@plasius/gpu-shared": "^0.1.11",
        "@plasius/gpu-xr": "^0.1.11"
      },
      "engines": {
        "node": ">=24"
      }
    },
    "node_modules/@plasius/gpu-shared": {
      "version": "0.1.16",
      "resolved": "https://registry.npmjs.org/@plasius/gpu-shared/-/gpu-shared-0.1.16.tgz",
      "integrity": "sha512-JFZ8Z+BhaNeJe0cnvHwqaT0ziqwem9aQTjepW6SUKhBucXQ7X4BPFqes9oiS4p5VHFFsTiaIcs93sazVcGrTTw==",
      "funding": [
        {
          "type": "patreon",
          "url": "https://www.patreon.com/c/plasiusltd/membership"
        },
        {
          "type": "github",
          "url": "https://github.com/sponsors/Plasius-LTD"
        }
      ],
      "license": "Apache-2.0",
      "engines": {
        "node": ">=24"
      },
      "peerDependencies": {
        "@plasius/gpu-renderer": "^0.2.3",
        "@plasius/translations": "^1.0.17"
      },
      "peerDependenciesMeta": {
        "@plasius/gpu-renderer": {
          "optional": true
        },
        "@plasius/translations": {
          "optional": true
        }
      }
    },
    "node_modules/@plasius/gpu-xr": {
      "version": "0.1.12",
      "resolved": "https://registry.npmjs.org/@plasius/gpu-xr/-/gpu-xr-0.1.12.tgz",
      "integrity": "sha512-6w664eAbj4RgjGPN3URyqr7vZBLmW3B38SwwjNHTduA+9MljaArd0XPP0dns11/jfBGAJi+HRirEh+a6F/3dKQ==",
      "funding": [
        {
          "type": "patreon",
          "url": "https://www.patreon.com/c/plasiusltd/membership"
        },
        {
          "type": "github",
          "url": "https://github.com/sponsors/Plasius-LTD"
        }
      ],
      "license": "Apache-2.0",
      "dependencies": {
        "@plasius/gpu-shared": "^0.1.9"
      },
      "engines": {
        "node": ">=24"
      }
    }
  }
}
